
Microsoft Visual Studio Solution File, Format Version 12.00
# Visual Studio Version 17
VisualStudioVersion = 17.2.32616.157
MinimumVisualStudioVersion = 10.0.40219.1
Project("{FAE04EC0-301F-11D3-BF4B-00C04F79EFBC}") = "Clase20", "Clase20.csproj", "{63C492F3-BA8D-4A55-98A4-103D19D5793B}"
EndProject
Global
	GlobalSection(SolutionConfigurationPlatforms) = preSolution
		Debug|Any CPU = Debug|Any CPU
		Release|Any CPU = Release|Any CPU
	EndGlobalSection
	GlobalSection(ProjectConfigurationPlatforms) = postSolution
		{63C492F3-BA8D-4A55-98A4-103D19D5793B}.Debug|Any CPU.ActiveCfg = Debug|Any CPU
		{63C492F3-BA8D-4A55-98A4-103D19D5793B}.Debug|Any CPU.Build.0 = Debug|Any CPU
		{63C492F3-BA8D-4A55-98A4-103D19D5793B}.Release|Any CPU.ActiveCfg = Release|Any CPU
		{63C492F3-BA8D-4A55-98A4-103D19D5793B}.Release|Any CPU.Build.0 = Release|Any CPU
	EndGlobalSection
	GlobalSection(SolutionProperties) = preSolution
		HideSolutionNode = FALSE
	EndGlobalSection
	GlobalSection(ExtensibilityGlobals) = postSolution
		SolutionGuid = {C59BDE3C-71AF-4C85-B454-DF71E131598C}
	EndGlobalSection
EndGlobal
