
Microsoft Visual Studio Solution File, Format Version 12.00
# Visual Studio Version 17
VisualStudioVersion = 17.1.32421.90
MinimumVisualStudioVersion = 10.0.40219.1
Project("{FAE04EC0-301F-11D3-BF4B-00C04F79EFBC}") = "IntroObjects", "IntroObjects\IntroObjects.csproj", "{91F75674-7366-4FB0-A9E3-C0CCA6273989}"
EndProject
Global
	GlobalSection(SolutionConfigurationPlatforms) = preSolution
		Debug|Any CPU = Debug|Any CPU
		Release|Any CPU = Release|Any CPU
	EndGlobalSection
	GlobalSection(ProjectConfigurationPlatforms) = postSolution
		{91F75674-7366-4FB0-A9E3-C0CCA6273989}.Debug|Any CPU.ActiveCfg = Debug|Any CPU
		{91F75674-7366-4FB0-A9E3-C0CCA6273989}.Debug|Any CPU.Build.0 = Debug|Any CPU
		{91F75674-7366-4FB0-A9E3-C0CCA6273989}.Release|Any CPU.ActiveCfg = Release|Any CPU
		{91F75674-7366-4FB0-A9E3-C0CCA6273989}.Release|Any CPU.Build.0 = Release|Any CPU
	EndGlobalSection
	GlobalSection(SolutionProperties) = preSolution
		HideSolutionNode = FALSE
	EndGlobalSection
	GlobalSection(ExtensibilityGlobals) = postSolution
		SolutionGuid = {703BC088-6ED1-4D04-AB0A-37B156E2B1BE}
	EndGlobalSection
EndGlobal
