
Microsoft Visual Studio Solution File, Format Version 12.00
# Visual Studio Version 17
VisualStudioVersion = 17.1.32421.90
MinimumVisualStudioVersion = 10.0.40219.1
Project("{FAE04EC0-301F-11D3-BF4B-00C04F79EFBC}") = "TipoDatos", "TipoDatos\TipoDatos.csproj", "{F82BCF5B-3465-406B-A02B-00615DCC350D}"
EndProject
Global
	GlobalSection(SolutionConfigurationPlatforms) = preSolution
		Debug|Any CPU = Debug|Any CPU
		Release|Any CPU = Release|Any CPU
	EndGlobalSection
	GlobalSection(ProjectConfigurationPlatforms) = postSolution
		{F82BCF5B-3465-406B-A02B-00615DCC350D}.Debug|Any CPU.ActiveCfg = Debug|Any CPU
		{F82BCF5B-3465-406B-A02B-00615DCC350D}.Debug|Any CPU.Build.0 = Debug|Any CPU
		{F82BCF5B-3465-406B-A02B-00615DCC350D}.Release|Any CPU.ActiveCfg = Release|Any CPU
		{F82BCF5B-3465-406B-A02B-00615DCC350D}.Release|Any CPU.Build.0 = Release|Any CPU
	EndGlobalSection
	GlobalSection(SolutionProperties) = preSolution
		HideSolutionNode = FALSE
	EndGlobalSection
	GlobalSection(ExtensibilityGlobals) = postSolution
		SolutionGuid = {938D7DAA-9E9B-437A-A47D-E383F555EEA7}
	EndGlobalSection
EndGlobal
