
Microsoft Visual Studio Solution File, Format Version 12.00
# Visual Studio Version 17
VisualStudioVersion = 17.2.32616.157
MinimumVisualStudioVersion = 10.0.40219.1
Project("{FAE04EC0-301F-11D3-BF4B-00C04F79EFBC}") = "ejClassBilletera", "ejClassBilletera\ejClassBilletera.csproj", "{D36621D8-9ABE-4EBB-A77A-40202C5FF48F}"
EndProject
Global
	GlobalSection(SolutionConfigurationPlatforms) = preSolution
		Debug|Any CPU = Debug|Any CPU
		Release|Any CPU = Release|Any CPU
	EndGlobalSection
	GlobalSection(ProjectConfigurationPlatforms) = postSolution
		{D36621D8-9ABE-4EBB-A77A-40202C5FF48F}.Debug|Any CPU.ActiveCfg = Debug|Any CPU
		{D36621D8-9ABE-4EBB-A77A-40202C5FF48F}.Debug|Any CPU.Build.0 = Debug|Any CPU
		{D36621D8-9ABE-4EBB-A77A-40202C5FF48F}.Release|Any CPU.ActiveCfg = Release|Any CPU
		{D36621D8-9ABE-4EBB-A77A-40202C5FF48F}.Release|Any CPU.Build.0 = Release|Any CPU
	EndGlobalSection
	GlobalSection(SolutionProperties) = preSolution
		HideSolutionNode = FALSE
	EndGlobalSection
	GlobalSection(ExtensibilityGlobals) = postSolution
		SolutionGuid = {3AEA719F-7BBE-41E4-BAC7-7AFEE62B0EC8}
	EndGlobalSection
EndGlobal
