
Microsoft Visual Studio Solution File, Format Version 12.00
# Visual Studio Version 17
VisualStudioVersion = 17.1.32421.90
MinimumVisualStudioVersion = 10.0.40219.1
Project("{FAE04EC0-301F-11D3-BF4B-00C04F79EFBC}") = "HelloWorld", "HelloWorld\HelloWorld.csproj", "{05F957FD-9285-44CE-A2B4-5203A2B5DAE5}"
EndProject
Global
	GlobalSection(SolutionConfigurationPlatforms) = preSolution
		Debug|Any CPU = Debug|Any CPU
		Release|Any CPU = Release|Any CPU
	EndGlobalSection
	GlobalSection(ProjectConfigurationPlatforms) = postSolution
		{05F957FD-9285-44CE-A2B4-5203A2B5DAE5}.Debug|Any CPU.ActiveCfg = Debug|Any CPU
		{05F957FD-9285-44CE-A2B4-5203A2B5DAE5}.Debug|Any CPU.Build.0 = Debug|Any CPU
		{05F957FD-9285-44CE-A2B4-5203A2B5DAE5}.Release|Any CPU.ActiveCfg = Release|Any CPU
		{05F957FD-9285-44CE-A2B4-5203A2B5DAE5}.Release|Any CPU.Build.0 = Release|Any CPU
	EndGlobalSection
	GlobalSection(SolutionProperties) = preSolution
		HideSolutionNode = FALSE
	EndGlobalSection
	GlobalSection(ExtensibilityGlobals) = postSolution
		SolutionGuid = {7AB65645-EFA3-4E48-92F3-7409F704E3CB}
	EndGlobalSection
EndGlobal
