
Microsoft Visual Studio Solution File, Format Version 12.00
# Visual Studio Version 17
VisualStudioVersion = 17.1.32421.90
MinimumVisualStudioVersion = 10.0.40219.1
Project("{FAE04EC0-301F-11D3-BF4B-00C04F79EFBC}") = "clase7", "clase7\clase7.csproj", "{933482E5-EAE8-42EB-A120-8E7662B50ADB}"
EndProject
Global
	GlobalSection(SolutionConfigurationPlatforms) = preSolution
		Debug|Any CPU = Debug|Any CPU
		Release|Any CPU = Release|Any CPU
	EndGlobalSection
	GlobalSection(ProjectConfigurationPlatforms) = postSolution
		{933482E5-EAE8-42EB-A120-8E7662B50ADB}.Debug|Any CPU.ActiveCfg = Debug|Any CPU
		{933482E5-EAE8-42EB-A120-8E7662B50ADB}.Debug|Any CPU.Build.0 = Debug|Any CPU
		{933482E5-EAE8-42EB-A120-8E7662B50ADB}.Release|Any CPU.ActiveCfg = Release|Any CPU
		{933482E5-EAE8-42EB-A120-8E7662B50ADB}.Release|Any CPU.Build.0 = Release|Any CPU
	EndGlobalSection
	GlobalSection(SolutionProperties) = preSolution
		HideSolutionNode = FALSE
	EndGlobalSection
	GlobalSection(ExtensibilityGlobals) = postSolution
		SolutionGuid = {FCD0FD10-3057-4DD1-AD41-469B9265F704}
	EndGlobalSection
EndGlobal
