
Microsoft Visual Studio Solution File, Format Version 12.00
# Visual Studio Version 17
VisualStudioVersion = 17.2.32616.157
MinimumVisualStudioVersion = 10.0.40219.1
Project("{FAE04EC0-301F-11D3-BF4B-00C04F79EFBC}") = "ConsoleApp1", "ConsoleApp1.csproj", "{C93095D7-9930-415E-BC62-AC671F435660}"
EndProject
Global
	GlobalSection(SolutionConfigurationPlatforms) = preSolution
		Debug|Any CPU = Debug|Any CPU
		Release|Any CPU = Release|Any CPU
	EndGlobalSection
	GlobalSection(ProjectConfigurationPlatforms) = postSolution
		{C93095D7-9930-415E-BC62-AC671F435660}.Debug|Any CPU.ActiveCfg = Debug|Any CPU
		{C93095D7-9930-415E-BC62-AC671F435660}.Debug|Any CPU.Build.0 = Debug|Any CPU
		{C93095D7-9930-415E-BC62-AC671F435660}.Release|Any CPU.ActiveCfg = Release|Any CPU
		{C93095D7-9930-415E-BC62-AC671F435660}.Release|Any CPU.Build.0 = Release|Any CPU
	EndGlobalSection
	GlobalSection(SolutionProperties) = preSolution
		HideSolutionNode = FALSE
	EndGlobalSection
	GlobalSection(ExtensibilityGlobals) = postSolution
		SolutionGuid = {BCF22A8E-EAA3-4741-8640-F75CF1615509}
	EndGlobalSection
EndGlobal
